
Microsoft Visual Studio Solution File, Format Version 12.00
# Visual Studio Version 17
VisualStudioVersion = 17.5.33414.496
MinimumVisualStudioVersion = 10.0.40219.1
Project("{8BC9CEB8-8B4A-11D0-8D11-00A0C91BC942}") = "ujian_105", "ujian_105\ujian_105.vcxproj", "{CAAEBAA1-9CCB-4E4F-A319-7C5AC7DB5982}"
EndProject
Global
	GlobalSection(SolutionConfigurationPlatforms) = preSolution
		Debug|x64 = Debug|x64
		Debug|x86 = Debug|x86
		Release|x64 = Release|x64
		Release|x86 = Release|x86
	EndGlobalSection
	GlobalSection(ProjectConfigurationPlatforms) = postSolution
		{CAAEBAA1-9CCB-4E4F-A319-7C5AC7DB5982}.Debug|x64.ActiveCfg = Debug|x64
		{CAAEBAA1-9CCB-4E4F-A319-7C5AC7DB5982}.Debug|x64.Build.0 = Debug|x64
		{CAAEBAA1-9CCB-4E4F-A319-7C5AC7DB5982}.Debug|x86.ActiveCfg = Debug|Win32
		{CAAEBAA1-9CCB-4E4F-A319-7C5AC7DB5982}.Debug|x86.Build.0 = Debug|Win32
		{CAAEBAA1-9CCB-4E4F-A319-7C5AC7DB5982}.Release|x64.ActiveCfg = Release|x64
		{CAAEBAA1-9CCB-4E4F-A319-7C5AC7DB5982}.Release|x64.Build.0 = Release|x64
		{CAAEBAA1-9CCB-4E4F-A319-7C5AC7DB5982}.Release|x86.ActiveCfg = Release|Win32
		{CAAEBAA1-9CCB-4E4F-A319-7C5AC7DB5982}.Release|x86.Build.0 = Release|Win32
	EndGlobalSection
	GlobalSection(SolutionProperties) = preSolution
		HideSolutionNode = FALSE
	EndGlobalSection
	GlobalSection(ExtensibilityGlobals) = postSolution
		SolutionGuid = {2C4D74FF-3641-45E6-9DBD-6EDB846BF834}
	EndGlobalSection
EndGlobal
